
Microsoft Visual Studio Solution File, Format Version 12.00
# Visual Studio Version 17
VisualStudioVersion = 17.9.34902.65
MinimumVisualStudioVersion = 10.0.40219.1
Project("{FAE04EC0-301F-11D3-BF4B-00C04F79EFBC}") = "NexaPOS", "NexaPOS\NexaPOS.csproj", "{F3E40563-873F-4761-A9D9-55BBC2BB65D2}"
EndProject
Global
	GlobalSection(SolutionConfigurationPlatforms) = preSolution
		Debug|Any CPU = Debug|Any CPU
		Release|Any CPU = Release|Any CPU
	EndGlobalSection
	GlobalSection(ProjectConfigurationPlatforms) = postSolution
		{F3E40563-873F-4761-A9D9-55BBC2BB65D2}.Debug|Any CPU.ActiveCfg = Debug|Any CPU
		{F3E40563-873F-4761-A9D9-55BBC2BB65D2}.Debug|Any CPU.Build.0 = Debug|Any CPU
		{F3E40563-873F-4761-A9D9-55BBC2BB65D2}.Release|Any CPU.ActiveCfg = Release|Any CPU
		{F3E40563-873F-4761-A9D9-55BBC2BB65D2}.Release|Any CPU.Build.0 = Release|Any CPU
	EndGlobalSection
	GlobalSection(SolutionProperties) = preSolution
		HideSolutionNode = FALSE
	EndGlobalSection
	GlobalSection(ExtensibilityGlobals) = postSolution
		SolutionGuid = {E39496C3-A273-4214-9F59-466FA7B31569}
	EndGlobalSection
EndGlobal
